
Microsoft Visual Studio Solution File, Format Version 12.00
# Visual Studio Version 16
VisualStudioVersion = 16.0.30114.105
MinimumVisualStudioVersion = 10.0.40219.1
Project("{2150E333-8FDC-42A3-9474-1A3956D46DE8}") = "src", "src", "{4FA504F2-8A96-4129-9BE7-FE82F3745280}"
EndProject
Project("{FAE04EC0-301F-11D3-BF4B-00C04F79EFBC}") = "Heroes.Api", "src\Heroes.Api\Heroes.Api.csproj", "{983F9932-1DD1-4505-A2C7-E800FBDBF02B}"
EndProject
Project("{FAE04EC0-301F-11D3-BF4B-00C04F79EFBC}") = "Mjolnir.Api", "src\Mjolnir.Api\Mjolnir.Api.csproj", "{124102C4-9178-44B8-9463-7557EE17445A}"
EndProject
Project("{2150E333-8FDC-42A3-9474-1A3956D46DE8}") = "tests", "tests", "{1C21332D-F9F7-4138-AFDF-6E294542CB45}"
EndProject
Project("{2150E333-8FDC-42A3-9474-1A3956D46DE8}") = "Mjolnir.Api.Tests", "Mjolnir.Api.Tests", "{36DF9EBB-EE92-45B2-83FA-D99AF0E23998}"
EndProject
Project("{FAE04EC0-301F-11D3-BF4B-00C04F79EFBC}") = "Acceptance", "tests\Mjolnir.Api.Tests\Acceptance\Acceptance.csproj", "{BEAE693C-04FA-4021-86E9-7C13A83D625E}"
EndProject
Project("{FAE04EC0-301F-11D3-BF4B-00C04F79EFBC}") = "Integration", "tests\Mjolnir.Api.Tests\Integration\Integration.csproj", "{457A1D94-189D-4191-9D45-ED530EC06325}"
EndProject
Project("{FAE04EC0-301F-11D3-BF4B-00C04F79EFBC}") = "Unit", "tests\Mjolnir.Api.Tests\Unit\Unit.csproj", "{06831ADA-6843-4E0B-B9ED-B1F827C5A128}"
EndProject
Global
	GlobalSection(SolutionConfigurationPlatforms) = preSolution
		Debug|Any CPU = Debug|Any CPU
		Debug|x64 = Debug|x64
		Debug|x86 = Debug|x86
		Release|Any CPU = Release|Any CPU
		Release|x64 = Release|x64
		Release|x86 = Release|x86
	EndGlobalSection
	GlobalSection(SolutionProperties) = preSolution
		HideSolutionNode = FALSE
	EndGlobalSection
	GlobalSection(ProjectConfigurationPlatforms) = postSolution
		{983F9932-1DD1-4505-A2C7-E800FBDBF02B}.Debug|Any CPU.ActiveCfg = Debug|Any CPU
		{983F9932-1DD1-4505-A2C7-E800FBDBF02B}.Debug|Any CPU.Build.0 = Debug|Any CPU
		{983F9932-1DD1-4505-A2C7-E800FBDBF02B}.Debug|x64.ActiveCfg = Debug|Any CPU
		{983F9932-1DD1-4505-A2C7-E800FBDBF02B}.Debug|x64.Build.0 = Debug|Any CPU
		{983F9932-1DD1-4505-A2C7-E800FBDBF02B}.Debug|x86.ActiveCfg = Debug|Any CPU
		{983F9932-1DD1-4505-A2C7-E800FBDBF02B}.Debug|x86.Build.0 = Debug|Any CPU
		{983F9932-1DD1-4505-A2C7-E800FBDBF02B}.Release|Any CPU.ActiveCfg = Release|Any CPU
		{983F9932-1DD1-4505-A2C7-E800FBDBF02B}.Release|Any CPU.Build.0 = Release|Any CPU
		{983F9932-1DD1-4505-A2C7-E800FBDBF02B}.Release|x64.ActiveCfg = Release|Any CPU
		{983F9932-1DD1-4505-A2C7-E800FBDBF02B}.Release|x64.Build.0 = Release|Any CPU
		{983F9932-1DD1-4505-A2C7-E800FBDBF02B}.Release|x86.ActiveCfg = Release|Any CPU
		{983F9932-1DD1-4505-A2C7-E800FBDBF02B}.Release|x86.Build.0 = Release|Any CPU
		{124102C4-9178-44B8-9463-7557EE17445A}.Debug|Any CPU.ActiveCfg = Debug|Any CPU
		{124102C4-9178-44B8-9463-7557EE17445A}.Debug|Any CPU.Build.0 = Debug|Any CPU
		{124102C4-9178-44B8-9463-7557EE17445A}.Debug|x64.ActiveCfg = Debug|Any CPU
		{124102C4-9178-44B8-9463-7557EE17445A}.Debug|x64.Build.0 = Debug|Any CPU
		{124102C4-9178-44B8-9463-7557EE17445A}.Debug|x86.ActiveCfg = Debug|Any CPU
		{124102C4-9178-44B8-9463-7557EE17445A}.Debug|x86.Build.0 = Debug|Any CPU
		{124102C4-9178-44B8-9463-7557EE17445A}.Release|Any CPU.ActiveCfg = Release|Any CPU
		{124102C4-9178-44B8-9463-7557EE17445A}.Release|Any CPU.Build.0 = Release|Any CPU
		{124102C4-9178-44B8-9463-7557EE17445A}.Release|x64.ActiveCfg = Release|Any CPU
		{124102C4-9178-44B8-9463-7557EE17445A}.Release|x64.Build.0 = Release|Any CPU
		{124102C4-9178-44B8-9463-7557EE17445A}.Release|x86.ActiveCfg = Release|Any CPU
		{124102C4-9178-44B8-9463-7557EE17445A}.Release|x86.Build.0 = Release|Any CPU
		{BEAE693C-04FA-4021-86E9-7C13A83D625E}.Debug|Any CPU.ActiveCfg = Debug|Any CPU
		{BEAE693C-04FA-4021-86E9-7C13A83D625E}.Debug|Any CPU.Build.0 = Debug|Any CPU
		{BEAE693C-04FA-4021-86E9-7C13A83D625E}.Debug|x64.ActiveCfg = Debug|Any CPU
		{BEAE693C-04FA-4021-86E9-7C13A83D625E}.Debug|x64.Build.0 = Debug|Any CPU
		{BEAE693C-04FA-4021-86E9-7C13A83D625E}.Debug|x86.ActiveCfg = Debug|Any CPU
		{BEAE693C-04FA-4021-86E9-7C13A83D625E}.Debug|x86.Build.0 = Debug|Any CPU
		{BEAE693C-04FA-4021-86E9-7C13A83D625E}.Release|Any CPU.ActiveCfg = Release|Any CPU
		{BEAE693C-04FA-4021-86E9-7C13A83D625E}.Release|Any CPU.Build.0 = Release|Any CPU
		{BEAE693C-04FA-4021-86E9-7C13A83D625E}.Release|x64.ActiveCfg = Release|Any CPU
		{BEAE693C-04FA-4021-86E9-7C13A83D625E}.Release|x64.Build.0 = Release|Any CPU
		{BEAE693C-04FA-4021-86E9-7C13A83D625E}.Release|x86.ActiveCfg = Release|Any CPU
		{BEAE693C-04FA-4021-86E9-7C13A83D625E}.Release|x86.Build.0 = Release|Any CPU
		{457A1D94-189D-4191-9D45-ED530EC06325}.Debug|Any CPU.ActiveCfg = Debug|Any CPU
		{457A1D94-189D-4191-9D45-ED530EC06325}.Debug|Any CPU.Build.0 = Debug|Any CPU
		{457A1D94-189D-4191-9D45-ED530EC06325}.Debug|x64.ActiveCfg = Debug|Any CPU
		{457A1D94-189D-4191-9D45-ED530EC06325}.Debug|x64.Build.0 = Debug|Any CPU
		{457A1D94-189D-4191-9D45-ED530EC06325}.Debug|x86.ActiveCfg = Debug|Any CPU
		{457A1D94-189D-4191-9D45-ED530EC06325}.Debug|x86.Build.0 = Debug|Any CPU
		{457A1D94-189D-4191-9D45-ED530EC06325}.Release|Any CPU.ActiveCfg = Release|Any CPU
		{457A1D94-189D-4191-9D45-ED530EC06325}.Release|Any CPU.Build.0 = Release|Any CPU
		{457A1D94-189D-4191-9D45-ED530EC06325}.Release|x64.ActiveCfg = Release|Any CPU
		{457A1D94-189D-4191-9D45-ED530EC06325}.Release|x64.Build.0 = Release|Any CPU
		{457A1D94-189D-4191-9D45-ED530EC06325}.Release|x86.ActiveCfg = Release|Any CPU
		{457A1D94-189D-4191-9D45-ED530EC06325}.Release|x86.Build.0 = Release|Any CPU
		{06831ADA-6843-4E0B-B9ED-B1F827C5A128}.Debug|Any CPU.ActiveCfg = Debug|Any CPU
		{06831ADA-6843-4E0B-B9ED-B1F827C5A128}.Debug|Any CPU.Build.0 = Debug|Any CPU
		{06831ADA-6843-4E0B-B9ED-B1F827C5A128}.Debug|x64.ActiveCfg = Debug|Any CPU
		{06831ADA-6843-4E0B-B9ED-B1F827C5A128}.Debug|x64.Build.0 = Debug|Any CPU
		{06831ADA-6843-4E0B-B9ED-B1F827C5A128}.Debug|x86.ActiveCfg = Debug|Any CPU
		{06831ADA-6843-4E0B-B9ED-B1F827C5A128}.Debug|x86.Build.0 = Debug|Any CPU
		{06831ADA-6843-4E0B-B9ED-B1F827C5A128}.Release|Any CPU.ActiveCfg = Release|Any CPU
		{06831ADA-6843-4E0B-B9ED-B1F827C5A128}.Release|Any CPU.Build.0 = Release|Any CPU
		{06831ADA-6843-4E0B-B9ED-B1F827C5A128}.Release|x64.ActiveCfg = Release|Any CPU
		{06831ADA-6843-4E0B-B9ED-B1F827C5A128}.Release|x64.Build.0 = Release|Any CPU
		{06831ADA-6843-4E0B-B9ED-B1F827C5A128}.Release|x86.ActiveCfg = Release|Any CPU
		{06831ADA-6843-4E0B-B9ED-B1F827C5A128}.Release|x86.Build.0 = Release|Any CPU
	EndGlobalSection
	GlobalSection(NestedProjects) = preSolution
		{983F9932-1DD1-4505-A2C7-E800FBDBF02B} = {4FA504F2-8A96-4129-9BE7-FE82F3745280}
		{124102C4-9178-44B8-9463-7557EE17445A} = {4FA504F2-8A96-4129-9BE7-FE82F3745280}
		{36DF9EBB-EE92-45B2-83FA-D99AF0E23998} = {1C21332D-F9F7-4138-AFDF-6E294542CB45}
		{BEAE693C-04FA-4021-86E9-7C13A83D625E} = {36DF9EBB-EE92-45B2-83FA-D99AF0E23998}
		{457A1D94-189D-4191-9D45-ED530EC06325} = {36DF9EBB-EE92-45B2-83FA-D99AF0E23998}
		{06831ADA-6843-4E0B-B9ED-B1F827C5A128} = {36DF9EBB-EE92-45B2-83FA-D99AF0E23998}
	EndGlobalSection
EndGlobal
