
Microsoft Visual Studio Solution File, Format Version 12.00
# Visual Studio Version 16
VisualStudioVersion = 16.0.30114.105
MinimumVisualStudioVersion = 10.0.40219.1
Project("{2150E333-8FDC-42A3-9474-1A3956D46DE8}") = "src", "src", "{4FA504F2-8A96-4129-9BE7-FE82F3745280}"
EndProject
Project("{FAE04EC0-301F-11D3-BF4B-00C04F79EFBC}") = "Heroes.Api", "src\Heroes.Api\Heroes.Api.csproj", "{983F9932-1DD1-4505-A2C7-E800FBDBF02B}"
EndProject
Global
	GlobalSection(SolutionConfigurationPlatforms) = preSolution
		Debug|Any CPU = Debug|Any CPU
		Debug|x64 = Debug|x64
		Debug|x86 = Debug|x86
		Release|Any CPU = Release|Any CPU
		Release|x64 = Release|x64
		Release|x86 = Release|x86
	EndGlobalSection
	GlobalSection(SolutionProperties) = preSolution
		HideSolutionNode = FALSE
	EndGlobalSection
	GlobalSection(ProjectConfigurationPlatforms) = postSolution
		{983F9932-1DD1-4505-A2C7-E800FBDBF02B}.Debug|Any CPU.ActiveCfg = Debug|Any CPU
		{983F9932-1DD1-4505-A2C7-E800FBDBF02B}.Debug|Any CPU.Build.0 = Debug|Any CPU
		{983F9932-1DD1-4505-A2C7-E800FBDBF02B}.Debug|x64.ActiveCfg = Debug|Any CPU
		{983F9932-1DD1-4505-A2C7-E800FBDBF02B}.Debug|x64.Build.0 = Debug|Any CPU
		{983F9932-1DD1-4505-A2C7-E800FBDBF02B}.Debug|x86.ActiveCfg = Debug|Any CPU
		{983F9932-1DD1-4505-A2C7-E800FBDBF02B}.Debug|x86.Build.0 = Debug|Any CPU
		{983F9932-1DD1-4505-A2C7-E800FBDBF02B}.Release|Any CPU.ActiveCfg = Release|Any CPU
		{983F9932-1DD1-4505-A2C7-E800FBDBF02B}.Release|Any CPU.Build.0 = Release|Any CPU
		{983F9932-1DD1-4505-A2C7-E800FBDBF02B}.Release|x64.ActiveCfg = Release|Any CPU
		{983F9932-1DD1-4505-A2C7-E800FBDBF02B}.Release|x64.Build.0 = Release|Any CPU
		{983F9932-1DD1-4505-A2C7-E800FBDBF02B}.Release|x86.ActiveCfg = Release|Any CPU
		{983F9932-1DD1-4505-A2C7-E800FBDBF02B}.Release|x86.Build.0 = Release|Any CPU
	EndGlobalSection
	GlobalSection(NestedProjects) = preSolution
		{983F9932-1DD1-4505-A2C7-E800FBDBF02B} = {4FA504F2-8A96-4129-9BE7-FE82F3745280}
	EndGlobalSection
EndGlobal
