
Microsoft Visual Studio Solution File, Format Version 12.00
# Visual Studio Version 16
VisualStudioVersion = 16.0.30114.105
MinimumVisualStudioVersion = 10.0.40219.1
Project("{2150E333-8FDC-42A3-9474-1A3956D46DE8}") = "src", "src", "{22EAE733-0672-4214-A6BA-D798874A118C}"
EndProject
Project("{2150E333-8FDC-42A3-9474-1A3956D46DE8}") = "Services", "Services", "{BAD55916-7287-46EC-9B8E-C1328A765276}"
EndProject
Project("{FAE04EC0-301F-11D3-BF4B-00C04F79EFBC}") = "Heimdall", "src\Services\Heimdall\Heimdall.csproj", "{F6035D30-8E88-46BD-952F-DD44074DA86A}"
EndProject
Project("{2150E333-8FDC-42A3-9474-1A3956D46DE8}") = "tests", "tests", "{4B269FE8-E68B-4879-AB90-945A366A0389}"
EndProject
Project("{2150E333-8FDC-42A3-9474-1A3956D46DE8}") = "Services", "Services", "{E453D740-8027-493A-B15D-44958F4B138E}"
EndProject
Project("{2150E333-8FDC-42A3-9474-1A3956D46DE8}") = "Asgard", "Asgard", "{CA2E98B8-57D0-4024-A8DA-A6895414817E}"
EndProject
Project("{FAE04EC0-301F-11D3-BF4B-00C04F79EFBC}") = "Unit", "tests\Services\Asgard\Unit\Unit.csproj", "{4DCFC809-E1EF-4142-B858-4490E2802E09}"
EndProject
Project("{FAE04EC0-301F-11D3-BF4B-00C04F79EFBC}") = "Integration", "tests\Services\Asgard\Integration\Integration.csproj", "{C619BDAC-BB4B-420B-B803-B7F7BD504D9F}"
EndProject
Project("{FAE04EC0-301F-11D3-BF4B-00C04F79EFBC}") = "Asgard", "src\Services\Asgard\Asgard.csproj", "{332A2FE8-C020-45BD-8651-A8B4DB4B7C8B}"
EndProject
Project("{2150E333-8FDC-42A3-9474-1A3956D46DE8}") = "Heimdall", "Heimdall", "{11F6AD15-EF10-4D33-895D-6DF6D80BFDCF}"
EndProject
Project("{FAE04EC0-301F-11D3-BF4B-00C04F79EFBC}") = "Unit", "tests\Services\Heimdall\Unit\Unit.csproj", "{9D7C7902-2C6A-41DE-8FE1-C15BBCD8A94A}"
EndProject
Global
	GlobalSection(SolutionConfigurationPlatforms) = preSolution
		Debug|Any CPU = Debug|Any CPU
		Debug|x64 = Debug|x64
		Debug|x86 = Debug|x86
		Release|Any CPU = Release|Any CPU
		Release|x64 = Release|x64
		Release|x86 = Release|x86
	EndGlobalSection
	GlobalSection(SolutionProperties) = preSolution
		HideSolutionNode = FALSE
	EndGlobalSection
	GlobalSection(ProjectConfigurationPlatforms) = postSolution
		{F6035D30-8E88-46BD-952F-DD44074DA86A}.Debug|Any CPU.ActiveCfg = Debug|Any CPU
		{F6035D30-8E88-46BD-952F-DD44074DA86A}.Debug|Any CPU.Build.0 = Debug|Any CPU
		{F6035D30-8E88-46BD-952F-DD44074DA86A}.Debug|x64.ActiveCfg = Debug|Any CPU
		{F6035D30-8E88-46BD-952F-DD44074DA86A}.Debug|x64.Build.0 = Debug|Any CPU
		{F6035D30-8E88-46BD-952F-DD44074DA86A}.Debug|x86.ActiveCfg = Debug|Any CPU
		{F6035D30-8E88-46BD-952F-DD44074DA86A}.Debug|x86.Build.0 = Debug|Any CPU
		{F6035D30-8E88-46BD-952F-DD44074DA86A}.Release|Any CPU.ActiveCfg = Release|Any CPU
		{F6035D30-8E88-46BD-952F-DD44074DA86A}.Release|Any CPU.Build.0 = Release|Any CPU
		{F6035D30-8E88-46BD-952F-DD44074DA86A}.Release|x64.ActiveCfg = Release|Any CPU
		{F6035D30-8E88-46BD-952F-DD44074DA86A}.Release|x64.Build.0 = Release|Any CPU
		{F6035D30-8E88-46BD-952F-DD44074DA86A}.Release|x86.ActiveCfg = Release|Any CPU
		{F6035D30-8E88-46BD-952F-DD44074DA86A}.Release|x86.Build.0 = Release|Any CPU
		{4DCFC809-E1EF-4142-B858-4490E2802E09}.Debug|Any CPU.ActiveCfg = Debug|Any CPU
		{4DCFC809-E1EF-4142-B858-4490E2802E09}.Debug|Any CPU.Build.0 = Debug|Any CPU
		{4DCFC809-E1EF-4142-B858-4490E2802E09}.Debug|x64.ActiveCfg = Debug|Any CPU
		{4DCFC809-E1EF-4142-B858-4490E2802E09}.Debug|x64.Build.0 = Debug|Any CPU
		{4DCFC809-E1EF-4142-B858-4490E2802E09}.Debug|x86.ActiveCfg = Debug|Any CPU
		{4DCFC809-E1EF-4142-B858-4490E2802E09}.Debug|x86.Build.0 = Debug|Any CPU
		{4DCFC809-E1EF-4142-B858-4490E2802E09}.Release|Any CPU.ActiveCfg = Release|Any CPU
		{4DCFC809-E1EF-4142-B858-4490E2802E09}.Release|Any CPU.Build.0 = Release|Any CPU
		{4DCFC809-E1EF-4142-B858-4490E2802E09}.Release|x64.ActiveCfg = Release|Any CPU
		{4DCFC809-E1EF-4142-B858-4490E2802E09}.Release|x64.Build.0 = Release|Any CPU
		{4DCFC809-E1EF-4142-B858-4490E2802E09}.Release|x86.ActiveCfg = Release|Any CPU
		{4DCFC809-E1EF-4142-B858-4490E2802E09}.Release|x86.Build.0 = Release|Any CPU
		{C619BDAC-BB4B-420B-B803-B7F7BD504D9F}.Debug|Any CPU.ActiveCfg = Debug|Any CPU
		{C619BDAC-BB4B-420B-B803-B7F7BD504D9F}.Debug|Any CPU.Build.0 = Debug|Any CPU
		{C619BDAC-BB4B-420B-B803-B7F7BD504D9F}.Debug|x64.ActiveCfg = Debug|Any CPU
		{C619BDAC-BB4B-420B-B803-B7F7BD504D9F}.Debug|x64.Build.0 = Debug|Any CPU
		{C619BDAC-BB4B-420B-B803-B7F7BD504D9F}.Debug|x86.ActiveCfg = Debug|Any CPU
		{C619BDAC-BB4B-420B-B803-B7F7BD504D9F}.Debug|x86.Build.0 = Debug|Any CPU
		{C619BDAC-BB4B-420B-B803-B7F7BD504D9F}.Release|Any CPU.ActiveCfg = Release|Any CPU
		{C619BDAC-BB4B-420B-B803-B7F7BD504D9F}.Release|Any CPU.Build.0 = Release|Any CPU
		{C619BDAC-BB4B-420B-B803-B7F7BD504D9F}.Release|x64.ActiveCfg = Release|Any CPU
		{C619BDAC-BB4B-420B-B803-B7F7BD504D9F}.Release|x64.Build.0 = Release|Any CPU
		{C619BDAC-BB4B-420B-B803-B7F7BD504D9F}.Release|x86.ActiveCfg = Release|Any CPU
		{C619BDAC-BB4B-420B-B803-B7F7BD504D9F}.Release|x86.Build.0 = Release|Any CPU
		{332A2FE8-C020-45BD-8651-A8B4DB4B7C8B}.Debug|Any CPU.ActiveCfg = Debug|Any CPU
		{332A2FE8-C020-45BD-8651-A8B4DB4B7C8B}.Debug|Any CPU.Build.0 = Debug|Any CPU
		{332A2FE8-C020-45BD-8651-A8B4DB4B7C8B}.Debug|x64.ActiveCfg = Debug|Any CPU
		{332A2FE8-C020-45BD-8651-A8B4DB4B7C8B}.Debug|x64.Build.0 = Debug|Any CPU
		{332A2FE8-C020-45BD-8651-A8B4DB4B7C8B}.Debug|x86.ActiveCfg = Debug|Any CPU
		{332A2FE8-C020-45BD-8651-A8B4DB4B7C8B}.Debug|x86.Build.0 = Debug|Any CPU
		{332A2FE8-C020-45BD-8651-A8B4DB4B7C8B}.Release|Any CPU.ActiveCfg = Release|Any CPU
		{332A2FE8-C020-45BD-8651-A8B4DB4B7C8B}.Release|Any CPU.Build.0 = Release|Any CPU
		{332A2FE8-C020-45BD-8651-A8B4DB4B7C8B}.Release|x64.ActiveCfg = Release|Any CPU
		{332A2FE8-C020-45BD-8651-A8B4DB4B7C8B}.Release|x64.Build.0 = Release|Any CPU
		{332A2FE8-C020-45BD-8651-A8B4DB4B7C8B}.Release|x86.ActiveCfg = Release|Any CPU
		{332A2FE8-C020-45BD-8651-A8B4DB4B7C8B}.Release|x86.Build.0 = Release|Any CPU
		{9D7C7902-2C6A-41DE-8FE1-C15BBCD8A94A}.Debug|Any CPU.ActiveCfg = Debug|Any CPU
		{9D7C7902-2C6A-41DE-8FE1-C15BBCD8A94A}.Debug|Any CPU.Build.0 = Debug|Any CPU
		{9D7C7902-2C6A-41DE-8FE1-C15BBCD8A94A}.Debug|x64.ActiveCfg = Debug|Any CPU
		{9D7C7902-2C6A-41DE-8FE1-C15BBCD8A94A}.Debug|x64.Build.0 = Debug|Any CPU
		{9D7C7902-2C6A-41DE-8FE1-C15BBCD8A94A}.Debug|x86.ActiveCfg = Debug|Any CPU
		{9D7C7902-2C6A-41DE-8FE1-C15BBCD8A94A}.Debug|x86.Build.0 = Debug|Any CPU
		{9D7C7902-2C6A-41DE-8FE1-C15BBCD8A94A}.Release|Any CPU.ActiveCfg = Release|Any CPU
		{9D7C7902-2C6A-41DE-8FE1-C15BBCD8A94A}.Release|Any CPU.Build.0 = Release|Any CPU
		{9D7C7902-2C6A-41DE-8FE1-C15BBCD8A94A}.Release|x64.ActiveCfg = Release|Any CPU
		{9D7C7902-2C6A-41DE-8FE1-C15BBCD8A94A}.Release|x64.Build.0 = Release|Any CPU
		{9D7C7902-2C6A-41DE-8FE1-C15BBCD8A94A}.Release|x86.ActiveCfg = Release|Any CPU
		{9D7C7902-2C6A-41DE-8FE1-C15BBCD8A94A}.Release|x86.Build.0 = Release|Any CPU
	EndGlobalSection
	GlobalSection(NestedProjects) = preSolution
		{BAD55916-7287-46EC-9B8E-C1328A765276} = {22EAE733-0672-4214-A6BA-D798874A118C}
		{F6035D30-8E88-46BD-952F-DD44074DA86A} = {BAD55916-7287-46EC-9B8E-C1328A765276}
		{E453D740-8027-493A-B15D-44958F4B138E} = {4B269FE8-E68B-4879-AB90-945A366A0389}
		{CA2E98B8-57D0-4024-A8DA-A6895414817E} = {E453D740-8027-493A-B15D-44958F4B138E}
		{4DCFC809-E1EF-4142-B858-4490E2802E09} = {CA2E98B8-57D0-4024-A8DA-A6895414817E}
		{C619BDAC-BB4B-420B-B803-B7F7BD504D9F} = {CA2E98B8-57D0-4024-A8DA-A6895414817E}
		{332A2FE8-C020-45BD-8651-A8B4DB4B7C8B} = {BAD55916-7287-46EC-9B8E-C1328A765276}
		{11F6AD15-EF10-4D33-895D-6DF6D80BFDCF} = {E453D740-8027-493A-B15D-44958F4B138E}
		{9D7C7902-2C6A-41DE-8FE1-C15BBCD8A94A} = {11F6AD15-EF10-4D33-895D-6DF6D80BFDCF}
	EndGlobalSection
EndGlobal
